
Microsoft Visual Studio Solution File, Format Version 12.00
# Visual Studio 2013
VisualStudioVersion = 12.0.31101.0
MinimumVisualStudioVersion = 10.0.40219.1
Project("{2150E333-8FDC-42A3-9474-1A3956D46DE8}") = "Resoruce Access", "Resoruce Access", "{5246CA03-5D9E-4AAE-9510-A28CB67FB0C7}"
EndProject
Project("{2150E333-8FDC-42A3-9474-1A3956D46DE8}") = "Business", "Business", "{E5C80AD9-B2A1-43CF-BDCF-F7819CB3FA19}"
EndProject
Project("{2150E333-8FDC-42A3-9474-1A3956D46DE8}") = "Core", "Core", "{88982DE0-7751-46ED-B94A-7A6B4D3692A1}"
EndProject
Project("{2150E333-8FDC-42A3-9474-1A3956D46DE8}") = "Common", "Common", "{2EA8A04F-DA87-4C05-8F9F-B7EFBB850B83}"
EndProject
Project("{FAE04EC0-301F-11D3-BF4B-00C04F79EFBC}") = "Core.Common", "Core.Common\Core.Common.csproj", "{2BFAD494-395E-46A8-97B8-A702AD6BE3EF}"
EndProject
Project("{FAE04EC0-301F-11D3-BF4B-00C04F79EFBC}") = "Core.Common.Contracts", "Core.Common.Contracts\Core.Common.Contracts.csproj", "{AE09E1FB-8D97-4CD5-AD6D-5CA8453D5F2E}"
EndProject
Project("{2150E333-8FDC-42A3-9474-1A3956D46DE8}") = "Notes", "Notes", "{7B373437-D20E-46A3-88EC-739D3DFA6001}"
	ProjectSection(SolutionItems) = preProject
		AppDesign.jpg = AppDesign.jpg
		AppDesign2.jpg = AppDesign2.jpg
		AppDesign3.jpg = AppDesign3.jpg
		BootstrapTemplates.txt = BootstrapTemplates.txt
		Database.txt = Database.txt
		EntityFramework6.txt = EntityFramework6.txt
		EntityFramework7.txt = EntityFramework7.txt
		Tables.txt = Tables.txt
	EndProjectSection
EndProject
Project("{FAE04EC0-301F-11D3-BF4B-00C04F79EFBC}") = "HN.Wow.Data.Contracts", "HN.Wow.Data.Contracts\HN.Wow.Data.Contracts.csproj", "{D31176B1-E995-4B1C-AC21-21304D4266AB}"
EndProject
Project("{FAE04EC0-301F-11D3-BF4B-00C04F79EFBC}") = "HN.Wow.Business.Entities", "HN.Wow.Business.Entities\HN.Wow.Business.Entities.csproj", "{3916ADAC-315E-4F26-BC22-E03ECC8E11FB}"
EndProject
Project("{FAE04EC0-301F-11D3-BF4B-00C04F79EFBC}") = "HN.Wow.Data", "HN.Wow.Data\HN.Wow.Data.csproj", "{4E48B9C1-5D8D-423F-B99C-4217C2F16007}"
EndProject
Project("{2150E333-8FDC-42A3-9474-1A3956D46DE8}") = "Tests", "Tests", "{FDA970DE-2D2D-4D68-A0FB-BC6A78E33E61}"
EndProject
Project("{FAE04EC0-301F-11D3-BF4B-00C04F79EFBC}") = "HN.Wow.Data.Tests", "HN.Wow.Data.Tests\HN.Wow.Data.Tests.csproj", "{A7BB2422-3549-4957-A3BD-6B83BC4C26F7}"
EndProject
Project("{FAE04EC0-301F-11D3-BF4B-00C04F79EFBC}") = "HN.Wow.Business.Bootstrapper", "HN.Wow.Business.Bootstrapper\HN.Wow.Business.Bootstrapper.csproj", "{1153EA6D-3522-40C0-924C-FF2FF58CD009}"
EndProject
Project("{2150E333-8FDC-42A3-9474-1A3956D46DE8}") = "Client", "Client", "{673EEB0A-F0CB-415A-AE0F-0E9834200DD7}"
EndProject
Project("{FAE04EC0-301F-11D3-BF4B-00C04F79EFBC}") = "HN.Wow.Client.Bootstrapper", "HN.Wow.Client.Bootstrapper\HN.Wow.Client.Bootstrapper.csproj", "{186C2184-7C7C-4885-9397-D20CA11351E0}"
EndProject
Project("{FAE04EC0-301F-11D3-BF4B-00C04F79EFBC}") = "HN.Wow.Client.Entities", "HN.Wow.Client.Entities\HN.Wow.Client.Entities.csproj", "{7F7693AE-2585-40D9-B6E8-DB875941118D}"
EndProject
Project("{FAE04EC0-301F-11D3-BF4B-00C04F79EFBC}") = "HN.Wow.Business.Contracts", "HN.Wow.Business.Contracts\HN.Wow.Business.Contracts.csproj", "{B5383A9D-D6CE-491D-A2AF-F0A801991A6B}"
EndProject
Project("{FAE04EC0-301F-11D3-BF4B-00C04F79EFBC}") = "HN.Wow.Business.Managers", "HN.Wow.Business.Managers\HN.Wow.Business.Managers.csproj", "{E4C0343A-5D9C-4AC2-A404-CF015B2DA98F}"
EndProject
Project("{FAE04EC0-301F-11D3-BF4B-00C04F79EFBC}") = "HN.Wow.Common", "HN.Wow.Common\HN.Wow.Common.csproj", "{96324562-64E4-435C-9192-F7A6ACC3A5DB}"
EndProject
Project("{FAE04EC0-301F-11D3-BF4B-00C04F79EFBC}") = "HN.Wow.Client.Contracts", "HN.Wow.Client.Contracts\HN.Wow.Client.Contracts.csproj", "{1D73234D-0DC1-4A13-99DE-91A5E0E603EB}"
EndProject
Project("{FAE04EC0-301F-11D3-BF4B-00C04F79EFBC}") = "HN.Wow.Client.Proxies", "HN.Wow.Client.Proxies\HN.Wow.Client.Proxies.csproj", "{C6EA824E-F72F-4814-B881-C0891C027782}"
EndProject
Project("{FAE04EC0-301F-11D3-BF4B-00C04F79EFBC}") = "Core.Common.ServiceModel", "Core.Common.ServiceModel\Core.Common.ServiceModel.csproj", "{18257AA6-5A9A-49EB-8ED4-645C74A5F312}"
EndProject
Project("{FAE04EC0-301F-11D3-BF4B-00C04F79EFBC}") = "HN.Wow.Business.Common", "HN.Wow.Business.Common\HN.Wow.Business.Common.csproj", "{2ED7BAD6-DEA1-4FC9-B5DE-2DC7AF144656}"
EndProject
Project("{2150E333-8FDC-42A3-9474-1A3956D46DE8}") = "Host", "Host", "{A4D88826-FF4F-422C-B3B9-857A2CC50626}"
EndProject
Project("{FAE04EC0-301F-11D3-BF4B-00C04F79EFBC}") = "HN.Wow.WebUI", "HN.Wow.WebUI\HN.Wow.WebUI.csproj", "{FF1B0056-D83D-4447-B80F-35740FB13C18}"
EndProject
Project("{FAE04EC0-301F-11D3-BF4B-00C04F79EFBC}") = "HN.Wow.Business", "HN.Wow.Business\HN.Wow.Business.csproj", "{3BDA3BFF-964A-4408-A5C9-6B2117E93914}"
EndProject
Project("{FAE04EC0-301F-11D3-BF4B-00C04F79EFBC}") = "HN.Wow.ServiceHost.Console", "HN.Wow.ServiceHost.Console\HN.Wow.ServiceHost.Console.csproj", "{B258D490-D036-4CAE-9B70-1D6286937DA3}"
EndProject
Global
	GlobalSection(SolutionConfigurationPlatforms) = preSolution
		Debug|Any CPU = Debug|Any CPU
		Release|Any CPU = Release|Any CPU
	EndGlobalSection
	GlobalSection(ProjectConfigurationPlatforms) = postSolution
		{2BFAD494-395E-46A8-97B8-A702AD6BE3EF}.Debug|Any CPU.ActiveCfg = Debug|Any CPU
		{2BFAD494-395E-46A8-97B8-A702AD6BE3EF}.Debug|Any CPU.Build.0 = Debug|Any CPU
		{2BFAD494-395E-46A8-97B8-A702AD6BE3EF}.Release|Any CPU.ActiveCfg = Release|Any CPU
		{2BFAD494-395E-46A8-97B8-A702AD6BE3EF}.Release|Any CPU.Build.0 = Release|Any CPU
		{AE09E1FB-8D97-4CD5-AD6D-5CA8453D5F2E}.Debug|Any CPU.ActiveCfg = Debug|Any CPU
		{AE09E1FB-8D97-4CD5-AD6D-5CA8453D5F2E}.Debug|Any CPU.Build.0 = Debug|Any CPU
		{AE09E1FB-8D97-4CD5-AD6D-5CA8453D5F2E}.Release|Any CPU.ActiveCfg = Release|Any CPU
		{AE09E1FB-8D97-4CD5-AD6D-5CA8453D5F2E}.Release|Any CPU.Build.0 = Release|Any CPU
		{D31176B1-E995-4B1C-AC21-21304D4266AB}.Debug|Any CPU.ActiveCfg = Debug|Any CPU
		{D31176B1-E995-4B1C-AC21-21304D4266AB}.Debug|Any CPU.Build.0 = Debug|Any CPU
		{D31176B1-E995-4B1C-AC21-21304D4266AB}.Release|Any CPU.ActiveCfg = Release|Any CPU
		{D31176B1-E995-4B1C-AC21-21304D4266AB}.Release|Any CPU.Build.0 = Release|Any CPU
		{3916ADAC-315E-4F26-BC22-E03ECC8E11FB}.Debug|Any CPU.ActiveCfg = Debug|Any CPU
		{3916ADAC-315E-4F26-BC22-E03ECC8E11FB}.Debug|Any CPU.Build.0 = Debug|Any CPU
		{3916ADAC-315E-4F26-BC22-E03ECC8E11FB}.Release|Any CPU.ActiveCfg = Release|Any CPU
		{3916ADAC-315E-4F26-BC22-E03ECC8E11FB}.Release|Any CPU.Build.0 = Release|Any CPU
		{4E48B9C1-5D8D-423F-B99C-4217C2F16007}.Debug|Any CPU.ActiveCfg = Debug|Any CPU
		{4E48B9C1-5D8D-423F-B99C-4217C2F16007}.Debug|Any CPU.Build.0 = Debug|Any CPU
		{4E48B9C1-5D8D-423F-B99C-4217C2F16007}.Release|Any CPU.ActiveCfg = Release|Any CPU
		{4E48B9C1-5D8D-423F-B99C-4217C2F16007}.Release|Any CPU.Build.0 = Release|Any CPU
		{A7BB2422-3549-4957-A3BD-6B83BC4C26F7}.Debug|Any CPU.ActiveCfg = Debug|Any CPU
		{A7BB2422-3549-4957-A3BD-6B83BC4C26F7}.Debug|Any CPU.Build.0 = Debug|Any CPU
		{A7BB2422-3549-4957-A3BD-6B83BC4C26F7}.Release|Any CPU.ActiveCfg = Release|Any CPU
		{A7BB2422-3549-4957-A3BD-6B83BC4C26F7}.Release|Any CPU.Build.0 = Release|Any CPU
		{1153EA6D-3522-40C0-924C-FF2FF58CD009}.Debug|Any CPU.ActiveCfg = Debug|Any CPU
		{1153EA6D-3522-40C0-924C-FF2FF58CD009}.Debug|Any CPU.Build.0 = Debug|Any CPU
		{1153EA6D-3522-40C0-924C-FF2FF58CD009}.Release|Any CPU.ActiveCfg = Release|Any CPU
		{1153EA6D-3522-40C0-924C-FF2FF58CD009}.Release|Any CPU.Build.0 = Release|Any CPU
		{186C2184-7C7C-4885-9397-D20CA11351E0}.Debug|Any CPU.ActiveCfg = Debug|Any CPU
		{186C2184-7C7C-4885-9397-D20CA11351E0}.Debug|Any CPU.Build.0 = Debug|Any CPU
		{186C2184-7C7C-4885-9397-D20CA11351E0}.Release|Any CPU.ActiveCfg = Release|Any CPU
		{186C2184-7C7C-4885-9397-D20CA11351E0}.Release|Any CPU.Build.0 = Release|Any CPU
		{7F7693AE-2585-40D9-B6E8-DB875941118D}.Debug|Any CPU.ActiveCfg = Debug|Any CPU
		{7F7693AE-2585-40D9-B6E8-DB875941118D}.Debug|Any CPU.Build.0 = Debug|Any CPU
		{7F7693AE-2585-40D9-B6E8-DB875941118D}.Release|Any CPU.ActiveCfg = Release|Any CPU
		{7F7693AE-2585-40D9-B6E8-DB875941118D}.Release|Any CPU.Build.0 = Release|Any CPU
		{B5383A9D-D6CE-491D-A2AF-F0A801991A6B}.Debug|Any CPU.ActiveCfg = Debug|Any CPU
		{B5383A9D-D6CE-491D-A2AF-F0A801991A6B}.Debug|Any CPU.Build.0 = Debug|Any CPU
		{B5383A9D-D6CE-491D-A2AF-F0A801991A6B}.Release|Any CPU.ActiveCfg = Release|Any CPU
		{B5383A9D-D6CE-491D-A2AF-F0A801991A6B}.Release|Any CPU.Build.0 = Release|Any CPU
		{E4C0343A-5D9C-4AC2-A404-CF015B2DA98F}.Debug|Any CPU.ActiveCfg = Debug|Any CPU
		{E4C0343A-5D9C-4AC2-A404-CF015B2DA98F}.Debug|Any CPU.Build.0 = Debug|Any CPU
		{E4C0343A-5D9C-4AC2-A404-CF015B2DA98F}.Release|Any CPU.ActiveCfg = Release|Any CPU
		{E4C0343A-5D9C-4AC2-A404-CF015B2DA98F}.Release|Any CPU.Build.0 = Release|Any CPU
		{96324562-64E4-435C-9192-F7A6ACC3A5DB}.Debug|Any CPU.ActiveCfg = Debug|Any CPU
		{96324562-64E4-435C-9192-F7A6ACC3A5DB}.Debug|Any CPU.Build.0 = Debug|Any CPU
		{96324562-64E4-435C-9192-F7A6ACC3A5DB}.Release|Any CPU.ActiveCfg = Release|Any CPU
		{96324562-64E4-435C-9192-F7A6ACC3A5DB}.Release|Any CPU.Build.0 = Release|Any CPU
		{1D73234D-0DC1-4A13-99DE-91A5E0E603EB}.Debug|Any CPU.ActiveCfg = Debug|Any CPU
		{1D73234D-0DC1-4A13-99DE-91A5E0E603EB}.Debug|Any CPU.Build.0 = Debug|Any CPU
		{1D73234D-0DC1-4A13-99DE-91A5E0E603EB}.Release|Any CPU.ActiveCfg = Release|Any CPU
		{1D73234D-0DC1-4A13-99DE-91A5E0E603EB}.Release|Any CPU.Build.0 = Release|Any CPU
		{C6EA824E-F72F-4814-B881-C0891C027782}.Debug|Any CPU.ActiveCfg = Debug|Any CPU
		{C6EA824E-F72F-4814-B881-C0891C027782}.Debug|Any CPU.Build.0 = Debug|Any CPU
		{C6EA824E-F72F-4814-B881-C0891C027782}.Release|Any CPU.ActiveCfg = Release|Any CPU
		{C6EA824E-F72F-4814-B881-C0891C027782}.Release|Any CPU.Build.0 = Release|Any CPU
		{18257AA6-5A9A-49EB-8ED4-645C74A5F312}.Debug|Any CPU.ActiveCfg = Debug|Any CPU
		{18257AA6-5A9A-49EB-8ED4-645C74A5F312}.Debug|Any CPU.Build.0 = Debug|Any CPU
		{18257AA6-5A9A-49EB-8ED4-645C74A5F312}.Release|Any CPU.ActiveCfg = Release|Any CPU
		{18257AA6-5A9A-49EB-8ED4-645C74A5F312}.Release|Any CPU.Build.0 = Release|Any CPU
		{2ED7BAD6-DEA1-4FC9-B5DE-2DC7AF144656}.Debug|Any CPU.ActiveCfg = Debug|Any CPU
		{2ED7BAD6-DEA1-4FC9-B5DE-2DC7AF144656}.Debug|Any CPU.Build.0 = Debug|Any CPU
		{2ED7BAD6-DEA1-4FC9-B5DE-2DC7AF144656}.Release|Any CPU.ActiveCfg = Release|Any CPU
		{2ED7BAD6-DEA1-4FC9-B5DE-2DC7AF144656}.Release|Any CPU.Build.0 = Release|Any CPU
		{FF1B0056-D83D-4447-B80F-35740FB13C18}.Debug|Any CPU.ActiveCfg = Debug|Any CPU
		{FF1B0056-D83D-4447-B80F-35740FB13C18}.Debug|Any CPU.Build.0 = Debug|Any CPU
		{FF1B0056-D83D-4447-B80F-35740FB13C18}.Release|Any CPU.ActiveCfg = Release|Any CPU
		{FF1B0056-D83D-4447-B80F-35740FB13C18}.Release|Any CPU.Build.0 = Release|Any CPU
		{3BDA3BFF-964A-4408-A5C9-6B2117E93914}.Debug|Any CPU.ActiveCfg = Debug|Any CPU
		{3BDA3BFF-964A-4408-A5C9-6B2117E93914}.Debug|Any CPU.Build.0 = Debug|Any CPU
		{3BDA3BFF-964A-4408-A5C9-6B2117E93914}.Release|Any CPU.ActiveCfg = Release|Any CPU
		{3BDA3BFF-964A-4408-A5C9-6B2117E93914}.Release|Any CPU.Build.0 = Release|Any CPU
		{B258D490-D036-4CAE-9B70-1D6286937DA3}.Debug|Any CPU.ActiveCfg = Debug|Any CPU
		{B258D490-D036-4CAE-9B70-1D6286937DA3}.Debug|Any CPU.Build.0 = Debug|Any CPU
		{B258D490-D036-4CAE-9B70-1D6286937DA3}.Release|Any CPU.ActiveCfg = Release|Any CPU
		{B258D490-D036-4CAE-9B70-1D6286937DA3}.Release|Any CPU.Build.0 = Release|Any CPU
	EndGlobalSection
	GlobalSection(SolutionProperties) = preSolution
		HideSolutionNode = FALSE
	EndGlobalSection
	GlobalSection(NestedProjects) = preSolution
		{2BFAD494-395E-46A8-97B8-A702AD6BE3EF} = {88982DE0-7751-46ED-B94A-7A6B4D3692A1}
		{AE09E1FB-8D97-4CD5-AD6D-5CA8453D5F2E} = {88982DE0-7751-46ED-B94A-7A6B4D3692A1}
		{D31176B1-E995-4B1C-AC21-21304D4266AB} = {5246CA03-5D9E-4AAE-9510-A28CB67FB0C7}
		{3916ADAC-315E-4F26-BC22-E03ECC8E11FB} = {E5C80AD9-B2A1-43CF-BDCF-F7819CB3FA19}
		{4E48B9C1-5D8D-423F-B99C-4217C2F16007} = {5246CA03-5D9E-4AAE-9510-A28CB67FB0C7}
		{A7BB2422-3549-4957-A3BD-6B83BC4C26F7} = {FDA970DE-2D2D-4D68-A0FB-BC6A78E33E61}
		{1153EA6D-3522-40C0-924C-FF2FF58CD009} = {E5C80AD9-B2A1-43CF-BDCF-F7819CB3FA19}
		{186C2184-7C7C-4885-9397-D20CA11351E0} = {673EEB0A-F0CB-415A-AE0F-0E9834200DD7}
		{7F7693AE-2585-40D9-B6E8-DB875941118D} = {673EEB0A-F0CB-415A-AE0F-0E9834200DD7}
		{B5383A9D-D6CE-491D-A2AF-F0A801991A6B} = {E5C80AD9-B2A1-43CF-BDCF-F7819CB3FA19}
		{E4C0343A-5D9C-4AC2-A404-CF015B2DA98F} = {E5C80AD9-B2A1-43CF-BDCF-F7819CB3FA19}
		{96324562-64E4-435C-9192-F7A6ACC3A5DB} = {2EA8A04F-DA87-4C05-8F9F-B7EFBB850B83}
		{1D73234D-0DC1-4A13-99DE-91A5E0E603EB} = {673EEB0A-F0CB-415A-AE0F-0E9834200DD7}
		{C6EA824E-F72F-4814-B881-C0891C027782} = {673EEB0A-F0CB-415A-AE0F-0E9834200DD7}
		{18257AA6-5A9A-49EB-8ED4-645C74A5F312} = {88982DE0-7751-46ED-B94A-7A6B4D3692A1}
		{2ED7BAD6-DEA1-4FC9-B5DE-2DC7AF144656} = {E5C80AD9-B2A1-43CF-BDCF-F7819CB3FA19}
		{FF1B0056-D83D-4447-B80F-35740FB13C18} = {A4D88826-FF4F-422C-B3B9-857A2CC50626}
		{3BDA3BFF-964A-4408-A5C9-6B2117E93914} = {E5C80AD9-B2A1-43CF-BDCF-F7819CB3FA19}
		{B258D490-D036-4CAE-9B70-1D6286937DA3} = {A4D88826-FF4F-422C-B3B9-857A2CC50626}
	EndGlobalSection
EndGlobal
